// !$*UTF8*$!
{
	archiveVersion = 1;
	classes = {
	};
	objectVersion = 50;
	objects = {

/* Begin PBXBuildFile section */
		AEAC613526385EA90015DB40 /* AppDelegate.swift in Sources */ = {isa = PBXBuildFile; fileRef = AEAC613426385EA90015DB40 /* AppDelegate.swift */; };
		AEAC613726385EA90015DB40 /* SceneDelegate.swift in Sources */ = {isa = PBXBuildFile; fileRef = AEAC613626385EA90015DB40 /* SceneDelegate.swift */; };
		AEAC613926385EA90015DB40 /* ViewController.swift in Sources */ = {isa = PBXBuildFile; fileRef = AEAC613826385EA90015DB40 /* ViewController.swift */; };
		AEAC613C26385EA90015DB40 /* Main.storyboard in Resources */ = {isa = PBXBuildFile; fileRef = AEAC613A26385EA90015DB40 /* Main.storyboard */; };
		AEAC613E26385EAA0015DB40 /* Assets.xcassets in Resources */ = {isa = PBXBuildFile; fileRef = AEAC613D26385EAA0015DB40 /* Assets.xcassets */; };
		AEAC614126385EAA0015DB40 /* LaunchScreen.storyboard in Resources */ = {isa = PBXBuildFile; fileRef = AEAC613F26385EAA0015DB40 /* LaunchScreen.storyboard */; };
		AEAC614C26385EAA0015DB40 /* TestCartService.swift in Sources */ = {isa = PBXBuildFile; fileRef = AEAC614B26385EAA0015DB40 /* TestCartService.swift */; };
		AEAC615726385EAA0015DB40 /* TestSampleUITests.swift in Sources */ = {isa = PBXBuildFile; fileRef = AEAC615626385EAA0015DB40 /* TestSampleUITests.swift */; };
		AEAC616826385EE10015DB40 /* CartService.swift in Sources */ = {isa = PBXBuildFile; fileRef = AEAC616726385EE10015DB40 /* CartService.swift */; };
		AEAC61702638646D0015DB40 /* ProductCell.swift in Sources */ = {isa = PBXBuildFile; fileRef = AEAC616F2638646D0015DB40 /* ProductCell.swift */; };
/* End PBXBuildFile section */

/* Begin PBXContainerItemProxy section */
		AEAC614826385EAA0015DB40 /* PBXContainerItemProxy */ = {
			isa = PBXContainerItemProxy;
			containerPortal = AEAC612926385EA90015DB40 /* Project object */;
			proxyType = 1;
			remoteGlobalIDString = AEAC613026385EA90015DB40;
			remoteInfo = TestSample;
		};
		AEAC615326385EAA0015DB40 /* PBXContainerItemProxy */ = {
			isa = PBXContainerItemProxy;
			containerPortal = AEAC612926385EA90015DB40 /* Project object */;
			proxyType = 1;
			remoteGlobalIDString = AEAC613026385EA90015DB40;
			remoteInfo = TestSample;
		};
/* End PBXContainerItemProxy section */

/* Begin PBXFileReference section */
		AEAC613126385EA90015DB40 /* TestSample.app */ = {isa = PBXFileReference; explicitFileType = wrapper.application; includeInIndex = 0; path = TestSample.app; sourceTree = BUILT_PRODUCTS_DIR; };
		AEAC613426385EA90015DB40 /* AppDelegate.swift */ = {isa = PBXFileReference; lastKnownFileType = sourcecode.swift; path = AppDelegate.swift; sourceTree = "<group>"; };
		AEAC613626385EA90015DB40 /* SceneDelegate.swift */ = {isa = PBXFileReference; lastKnownFileType = sourcecode.swift; path = SceneDelegate.swift; sourceTree = "<group>"; };
		AEAC613826385EA90015DB40 /* ViewController.swift */ = {isa = PBXFileReference; lastKnownFileType = sourcecode.swift; path = ViewController.swift; sourceTree = "<group>"; };
		AEAC613B26385EA90015DB40 /* Base */ = {isa = PBXFileReference; lastKnownFileType = file.storyboard; name = Base; path = Base.lproj/Main.storyboard; sourceTree = "<group>"; };
		AEAC613D26385EAA0015DB40 /* Assets.xcassets */ = {isa = PBXFileReference; lastKnownFileType = folder.assetcatalog; path = Assets.xcassets; sourceTree = "<group>"; };
		AEAC614026385EAA0015DB40 /* Base */ = {isa = PBXFileReference; lastKnownFileType = file.storyboard; name = Base; path = Base.lproj/LaunchScreen.storyboard; sourceTree = "<group>"; };
		AEAC614226385EAA0015DB40 /* Info.plist */ = {isa = PBXFileReference; lastKnownFileType = text.plist.xml; path = Info.plist; sourceTree = "<group>"; };
		AEAC614726385EAA0015DB40 /* TestSampleTests.xctest */ = {isa = PBXFileReference; explicitFileType = wrapper.cfbundle; includeInIndex = 0; path = TestSampleTests.xctest; sourceTree = BUILT_PRODUCTS_DIR; };
		AEAC614B26385EAA0015DB40 /* TestCartService.swift */ = {isa = PBXFileReference; lastKnownFileType = sourcecode.swift; path = TestCartService.swift; sourceTree = "<group>"; };
		AEAC614D26385EAA0015DB40 /* Info.plist */ = {isa = PBXFileReference; lastKnownFileType = text.plist.xml; path = Info.plist; sourceTree = "<group>"; };
		AEAC615226385EAA0015DB40 /* TestSampleUITests.xctest */ = {isa = PBXFileReference; explicitFileType = wrapper.cfbundle; includeInIndex = 0; path = TestSampleUITests.xctest; sourceTree = BUILT_PRODUCTS_DIR; };
		AEAC615626385EAA0015DB40 /* TestSampleUITests.swift */ = {isa = PBXFileReference; lastKnownFileType = sourcecode.swift; path = TestSampleUITests.swift; sourceTree = "<group>"; };
		AEAC615826385EAA0015DB40 /* Info.plist */ = {isa = PBXFileReference; lastKnownFileType = text.plist.xml; path = Info.plist; sourceTree = "<group>"; };
		AEAC616726385EE10015DB40 /* CartService.swift */ = {isa = PBXFileReference; lastKnownFileType = sourcecode.swift; path = CartService.swift; sourceTree = "<group>"; };
		AEAC616F2638646D0015DB40 /* ProductCell.swift */ = {isa = PBXFileReference; lastKnownFileType = sourcecode.swift; path = ProductCell.swift; sourceTree = "<group>"; };
/* End PBXFileReference section */

/* Begin PBXFrameworksBuildPhase section */
		AEAC612E26385EA90015DB40 /* Frameworks */ = {
			isa = PBXFrameworksBuildPhase;
			buildActionMask = 2147483647;
			files = (
			);
			runOnlyForDeploymentPostprocessing = 0;
		};
		AEAC614426385EAA0015DB40 /* Frameworks */ = {
			isa = PBXFrameworksBuildPhase;
			buildActionMask = 2147483647;
			files = (
			);
			runOnlyForDeploymentPostprocessing = 0;
		};
		AEAC614F26385EAA0015DB40 /* Frameworks */ = {
			isa = PBXFrameworksBuildPhase;
			buildActionMask = 2147483647;
			files = (
			);
			runOnlyForDeploymentPostprocessing = 0;
		};
/* End PBXFrameworksBuildPhase section */

/* Begin PBXGroup section */
		AEAC612826385EA90015DB40 = {
			isa = PBXGroup;
			children = (
				AEAC613326385EA90015DB40 /* TestSample */,
				AEAC614A26385EAA0015DB40 /* TestSampleTests */,
				AEAC615526385EAA0015DB40 /* TestSampleUITests */,
				AEAC613226385EA90015DB40 /* Products */,
			);
			sourceTree = "<group>";
		};
		AEAC613226385EA90015DB40 /* Products */ = {
			isa = PBXGroup;
			children = (
				AEAC613126385EA90015DB40 /* TestSample.app */,
				AEAC614726385EAA0015DB40 /* TestSampleTests.xctest */,
				AEAC615226385EAA0015DB40 /* TestSampleUITests.xctest */,
			);
			name = Products;
			sourceTree = "<group>";
		};
		AEAC613326385EA90015DB40 /* TestSample */ = {
			isa = PBXGroup;
			children = (
				AEAC613426385EA90015DB40 /* AppDelegate.swift */,
				AEAC613626385EA90015DB40 /* SceneDelegate.swift */,
				AEAC613826385EA90015DB40 /* ViewController.swift */,
				AEAC616F2638646D0015DB40 /* ProductCell.swift */,
				AEAC613A26385EA90015DB40 /* Main.storyboard */,
				AEAC613D26385EAA0015DB40 /* Assets.xcassets */,
				AEAC613F26385EAA0015DB40 /* LaunchScreen.storyboard */,
				AEAC614226385EAA0015DB40 /* Info.plist */,
				AEAC616726385EE10015DB40 /* CartService.swift */,
			);
			path = TestSample;
			sourceTree = "<group>";
		};
		AEAC614A26385EAA0015DB40 /* TestSampleTests */ = {
			isa = PBXGroup;
			children = (
				AEAC614B26385EAA0015DB40 /* TestCartService.swift */,
				AEAC614D26385EAA0015DB40 /* Info.plist */,
			);
			path = TestSampleTests;
			sourceTree = "<group>";
		};
		AEAC615526385EAA0015DB40 /* TestSampleUITests */ = {
			isa = PBXGroup;
			children = (
				AEAC615626385EAA0015DB40 /* TestSampleUITests.swift */,
				AEAC615826385EAA0015DB40 /* Info.plist */,
			);
			path = TestSampleUITests;
			sourceTree = "<group>";
		};
/* End PBXGroup section */

/* Begin PBXNativeTarget section */
		AEAC613026385EA90015DB40 /* TestSample */ = {
			isa = PBXNativeTarget;
			buildConfigurationList = AEAC615B26385EAA0015DB40 /* Build configuration list for PBXNativeTarget "TestSample" */;
			buildPhases = (
				AEAC612D26385EA90015DB40 /* Sources */,
				AEAC612E26385EA90015DB40 /* Frameworks */,
				AEAC612F26385EA90015DB40 /* Resources */,
			);
			buildRules = (
			);
			dependencies = (
			);
			name = TestSample;
			productName = TestSample;
			productReference = AEAC613126385EA90015DB40 /* TestSample.app */;
			productType = "com.apple.product-type.application";
		};
		AEAC614626385EAA0015DB40 /* TestSampleTests */ = {
			isa = PBXNativeTarget;
			buildConfigurationList = AEAC615E26385EAA0015DB40 /* Build configuration list for PBXNativeTarget "TestSampleTests" */;
			buildPhases = (
				AEAC614326385EAA0015DB40 /* Sources */,
				AEAC614426385EAA0015DB40 /* Frameworks */,
				AEAC614526385EAA0015DB40 /* Resources */,
			);
			buildRules = (
			);
			dependencies = (
				AEAC614926385EAA0015DB40 /* PBXTargetDependency */,
			);
			name = TestSampleTests;
			productName = TestSampleTests;
			productReference = AEAC614726385EAA0015DB40 /* TestSampleTests.xctest */;
			productType = "com.apple.product-type.bundle.unit-test";
		};
		AEAC615126385EAA0015DB40 /* TestSampleUITests */ = {
			isa = PBXNativeTarget;
			buildConfigurationList = AEAC616126385EAA0015DB40 /* Build configuration list for PBXNativeTarget "TestSampleUITests" */;
			buildPhases = (
				AEAC614E26385EAA0015DB40 /* Sources */,
				AEAC614F26385EAA0015DB40 /* Frameworks */,
				AEAC615026385EAA0015DB40 /* Resources */,
			);
			buildRules = (
			);
			dependencies = (
				AEAC615426385EAA0015DB40 /* PBXTargetDependency */,
			);
			name = TestSampleUITests;
			productName = TestSampleUITests;
			productReference = AEAC615226385EAA0015DB40 /* TestSampleUITests.xctest */;
			productType = "com.apple.product-type.bundle.ui-testing";
		};
/* End PBXNativeTarget section */

/* Begin PBXProject section */
		AEAC612926385EA90015DB40 /* Project object */ = {
			isa = PBXProject;
			attributes = {
				LastSwiftUpdateCheck = 1240;
				LastUpgradeCheck = 1240;
				TargetAttributes = {
					AEAC613026385EA90015DB40 = {
						CreatedOnToolsVersion = 12.4;
					};
					AEAC614626385EAA0015DB40 = {
						CreatedOnToolsVersion = 12.4;
						TestTargetID = AEAC613026385EA90015DB40;
					};
					AEAC615126385EAA0015DB40 = {
						CreatedOnToolsVersion = 12.4;
						TestTargetID = AEAC613026385EA90015DB40;
					};
				};
			};
			buildConfigurationList = AEAC612C26385EA90015DB40 /* Build configuration list for PBXProject "TestSample" */;
			compatibilityVersion = "Xcode 9.3";
			developmentRegion = en;
			hasScannedForEncodings = 0;
			knownRegions = (
				en,
				Base,
			);
			mainGroup = AEAC612826385EA90015DB40;
			productRefGroup = AEAC613226385EA90015DB40 /* Products */;
			projectDirPath = "";
			projectRoot = "";
			targets = (
				AEAC613026385EA90015DB40 /* TestSample */,
				AEAC614626385EAA0015DB40 /* TestSampleTests */,
				AEAC615126385EAA0015DB40 /* TestSampleUITests */,
			);
		};
/* End PBXProject section */

/* Begin PBXResourcesBuildPhase section */
		AEAC612F26385EA90015DB40 /* Resources */ = {
			isa = PBXResourcesBuildPhase;
			buildActionMask = 2147483647;
			files = (
				AEAC614126385EAA0015DB40 /* LaunchScreen.storyboard in Resources */,
				AEAC613E26385EAA0015DB40 /* Assets.xcassets in Resources */,
				AEAC613C26385EA90015DB40 /* Main.storyboard in Resources */,
			);
			runOnlyForDeploymentPostprocessing = 0;
		};
		AEAC614526385EAA0015DB40 /* Resources */ = {
			isa = PBXResourcesBuildPhase;
			buildActionMask = 2147483647;
			files = (
			);
			runOnlyForDeploymentPostprocessing = 0;
		};
		AEAC615026385EAA0015DB40 /* Resources */ = {
			isa = PBXResourcesBuildPhase;
			buildActionMask = 2147483647;
			files = (
			);
			runOnlyForDeploymentPostprocessing = 0;
		};
/* End PBXResourcesBuildPhase section */

/* Begin PBXSourcesBuildPhase section */
		AEAC612D26385EA90015DB40 /* Sources */ = {
			isa = PBXSourcesBuildPhase;
			buildActionMask = 2147483647;
			files = (
				AEAC613926385EA90015DB40 /* ViewController.swift in Sources */,
				AEAC613526385EA90015DB40 /* AppDelegate.swift in Sources */,
				AEAC61702638646D0015DB40 /* ProductCell.swift in Sources */,
				AEAC613726385EA90015DB40 /* SceneDelegate.swift in Sources */,
				AEAC616826385EE10015DB40 /* CartService.swift in Sources */,
			);
			runOnlyForDeploymentPostprocessing = 0;
		};
		AEAC614326385EAA0015DB40 /* Sources */ = {
			isa = PBXSourcesBuildPhase;
			buildActionMask = 2147483647;
			files = (
				AEAC614C26385EAA0015DB40 /* TestCartService.swift in Sources */,
			);
			runOnlyForDeploymentPostprocessing = 0;
		};
		AEAC614E26385EAA0015DB40 /* Sources */ = {
			isa = PBXSourcesBuildPhase;
			buildActionMask = 2147483647;
			files = (
				AEAC615726385EAA0015DB40 /* TestSampleUITests.swift in Sources */,
			);
			runOnlyForDeploymentPostprocessing = 0;
		};
/* End PBXSourcesBuildPhase section */

/* Begin PBXTargetDependency section */
		AEAC614926385EAA0015DB40 /* PBXTargetDependency */ = {
			isa = PBXTargetDependency;
			target = AEAC613026385EA90015DB40 /* TestSample */;
			targetProxy = AEAC614826385EAA0015DB40 /* PBXContainerItemProxy */;
		};
		AEAC615426385EAA0015DB40 /* PBXTargetDependency */ = {
			isa = PBXTargetDependency;
			target = AEAC613026385EA90015DB40 /* TestSample */;
			targetProxy = AEAC615326385EAA0015DB40 /* PBXContainerItemProxy */;
		};
/* End PBXTargetDependency section */

/* Begin PBXVariantGroup section */
		AEAC613A26385EA90015DB40 /* Main.storyboard */ = {
			isa = PBXVariantGroup;
			children = (
				AEAC613B26385EA90015DB40 /* Base */,
			);
			name = Main.storyboard;
			sourceTree = "<group>";
		};
		AEAC613F26385EAA0015DB40 /* LaunchScreen.storyboard */ = {
			isa = PBXVariantGroup;
			children = (
				AEAC614026385EAA0015DB40 /* Base */,
			);
			name = LaunchScreen.storyboard;
			sourceTree = "<group>";
		};
/* End PBXVariantGroup section */

/* Begin XCBuildConfiguration section */
		AEAC615926385EAA0015DB40 /* Debug */ = {
			isa = XCBuildConfiguration;
			buildSettings = {
				ALWAYS_SEARCH_USER_PATHS = NO;
				CLANG_ANALYZER_NONNULL = YES;
				CLANG_ANALYZER_NUMBER_OBJECT_CONVERSION = YES_AGGRESSIVE;
				CLANG_CXX_LANGUAGE_STANDARD = "gnu++14";
				CLANG_CXX_LIBRARY = "libc++";
				CLANG_ENABLE_MODULES = YES;
				CLANG_ENABLE_OBJC_ARC = YES;
				CLANG_ENABLE_OBJC_WEAK = YES;
				CLANG_WARN_BLOCK_CAPTURE_AUTORELEASING = YES;
				CLANG_WARN_BOOL_CONVERSION = YES;
				CLANG_WARN_COMMA = YES;
				CLANG_WARN_CONSTANT_CONVERSION = YES;
				CLANG_WARN_DEPRECATED_OBJC_IMPLEMENTATIONS = YES;
				CLANG_WARN_DIRECT_OBJC_ISA_USAGE = YES_ERROR;
				CLANG_WARN_DOCUMENTATION_COMMENTS = YES;
				CLANG_WARN_EMPTY_BODY = YES;
				CLANG_WARN_ENUM_CONVERSION = YES;
				CLANG_WARN_INFINITE_RECURSION = YES;
				CLANG_WARN_INT_CONVERSION = YES;
				CLANG_WARN_NON_LITERAL_NULL_CONVERSION = YES;
				CLANG_WARN_OBJC_IMPLICIT_RETAIN_SELF = YES;
				CLANG_WARN_OBJC_LITERAL_CONVERSION = YES;
				CLANG_WARN_OBJC_ROOT_CLASS = YES_ERROR;
				CLANG_WARN_QUOTED_INCLUDE_IN_FRAMEWORK_HEADER = YES;
				CLANG_WARN_RANGE_LOOP_ANALYSIS = YES;
				CLANG_WARN_STRICT_PROTOTYPES = YES;
				CLANG_WARN_SUSPICIOUS_MOVE = YES;
				CLANG_WARN_UNGUARDED_AVAILABILITY = YES_AGGRESSIVE;
				CLANG_WARN_UNREACHABLE_CODE = YES;
				CLANG_WARN__DUPLICATE_METHOD_MATCH = YES;
				COPY_PHASE_STRIP = NO;
				DEBUG_INFORMATION_FORMAT = dwarf;
				ENABLE_STRICT_OBJC_MSGSEND = YES;
				ENABLE_TESTABILITY = YES;
				GCC_C_LANGUAGE_STANDARD = gnu11;
				GCC_DYNAMIC_NO_PIC = NO;
				GCC_NO_COMMON_BLOCKS = YES;
				GCC_OPTIMIZATION_LEVEL = 0;
				GCC_PREPROCESSOR_DEFINITIONS = (
					"DEBUG=1",
					"$(inherited)",
				);
				GCC_WARN_64_TO_32_BIT_CONVERSION = YES;
				GCC_WARN_ABOUT_RETURN_TYPE = YES_ERROR;
				GCC_WARN_UNDECLARED_SELECTOR = YES;
				GCC_WARN_UNINITIALIZED_AUTOS = YES_AGGRESSIVE;
				GCC_WARN_UNUSED_FUNCTION = YES;
				GCC_WARN_UNUSED_VARIABLE = YES;
				IPHONEOS_DEPLOYMENT_TARGET = 14.4;
				MTL_ENABLE_DEBUG_INFO = INCLUDE_SOURCE;
				MTL_FAST_MATH = YES;
				ONLY_ACTIVE_ARCH = YES;
				SDKROOT = iphoneos;
				SWIFT_ACTIVE_COMPILATION_CONDITIONS = DEBUG;
				SWIFT_OPTIMIZATION_LEVEL = "-Onone";
			};
			name = Debug;
		};
		AEAC615A26385EAA0015DB40 /* Release */ = {
			isa = XCBuildConfiguration;
			buildSettings = {
				ALWAYS_SEARCH_USER_PATHS = NO;
				CLANG_ANALYZER_NONNULL = YES;
				CLANG_ANALYZER_NUMBER_OBJECT_CONVERSION = YES_AGGRESSIVE;
				CLANG_CXX_LANGUAGE_STANDARD = "gnu++14";
				CLANG_CXX_LIBRARY = "libc++";
				CLANG_ENABLE_MODULES = YES;
				CLANG_ENABLE_OBJC_ARC = YES;
				CLANG_ENABLE_OBJC_WEAK = YES;
				CLANG_WARN_BLOCK_CAPTURE_AUTORELEASING = YES;
				CLANG_WARN_BOOL_CONVERSION = YES;
				CLANG_WARN_COMMA = YES;
				CLANG_WARN_CONSTANT_CONVERSION = YES;
				CLANG_WARN_DEPRECATED_OBJC_IMPLEMENTATIONS = YES;
				CLANG_WARN_DIRECT_OBJC_ISA_USAGE = YES_ERROR;
				CLANG_WARN_DOCUMENTATION_COMMENTS = YES;
				CLANG_WARN_EMPTY_BODY = YES;
				CLANG_WARN_ENUM_CONVERSION = YES;
				CLANG_WARN_INFINITE_RECURSION = YES;
				CLANG_WARN_INT_CONVERSION = YES;
				CLANG_WARN_NON_LITERAL_NULL_CONVERSION = YES;
				CLANG_WARN_OBJC_IMPLICIT_RETAIN_SELF = YES;
				CLANG_WARN_OBJC_LITERAL_CONVERSION = YES;
				CLANG_WARN_OBJC_ROOT_CLASS = YES_ERROR;
				CLANG_WARN_QUOTED_INCLUDE_IN_FRAMEWORK_HEADER = YES;
				CLANG_WARN_RANGE_LOOP_ANALYSIS = YES;
				CLANG_WARN_STRICT_PROTOTYPES = YES;
				CLANG_WARN_SUSPICIOUS_MOVE = YES;
				CLANG_WARN_UNGUARDED_AVAILABILITY = YES_AGGRESSIVE;
				CLANG_WARN_UNREACHABLE_CODE = YES;
				CLANG_WARN__DUPLICATE_METHOD_MATCH = YES;
				COPY_PHASE_STRIP = NO;
				DEBUG_INFORMATION_FORMAT = "dwarf-with-dsym";
				ENABLE_NS_ASSERTIONS = NO;
				ENABLE_STRICT_OBJC_MSGSEND = YES;
				GCC_C_LANGUAGE_STANDARD = gnu11;
				GCC_NO_COMMON_BLOCKS = YES;
				GCC_WARN_64_TO_32_BIT_CONVERSION = YES;
				GCC_WARN_ABOUT_RETURN_TYPE = YES_ERROR;
				GCC_WARN_UNDECLARED_SELECTOR = YES;
				GCC_WARN_UNINITIALIZED_AUTOS = YES_AGGRESSIVE;
				GCC_WARN_UNUSED_FUNCTION = YES;
				GCC_WARN_UNUSED_VARIABLE = YES;
				IPHONEOS_DEPLOYMENT_TARGET = 14.4;
				MTL_ENABLE_DEBUG_INFO = NO;
				MTL_FAST_MATH = YES;
				SDKROOT = iphoneos;
				SWIFT_COMPILATION_MODE = wholemodule;
				SWIFT_OPTIMIZATION_LEVEL = "-O";
				VALIDATE_PRODUCT = YES;
			};
			name = Release;
		};
		AEAC615C26385EAA0015DB40 /* Debug */ = {
			isa = XCBuildConfiguration;
			buildSettings = {
				ASSETCATALOG_COMPILER_APPICON_NAME = AppIcon;
				ASSETCATALOG_COMPILER_GLOBAL_ACCENT_COLOR_NAME = AccentColor;
				CODE_SIGN_STYLE = Automatic;
				DEVELOPMENT_TEAM = J62PVJ69GK;
				INFOPLIST_FILE = TestSample/Info.plist;
				LD_RUNPATH_SEARCH_PATHS = (
					"$(inherited)",
					"@executable_path/Frameworks",
				);
				PRODUCT_BUNDLE_IDENTIFIER = amirzigangaraev.TestSample;
				PRODUCT_NAME = "$(TARGET_NAME)";
				SWIFT_VERSION = 5.0;
				TARGETED_DEVICE_FAMILY = "1,2";
			};
			name = Debug;
		};
		AEAC615D26385EAA0015DB40 /* Release */ = {
			isa = XCBuildConfiguration;
			buildSettings = {
				ASSETCATALOG_COMPILER_APPICON_NAME = AppIcon;
				ASSETCATALOG_COMPILER_GLOBAL_ACCENT_COLOR_NAME = AccentColor;
				CODE_SIGN_STYLE = Automatic;
				DEVELOPMENT_TEAM = J62PVJ69GK;
				INFOPLIST_FILE = TestSample/Info.plist;
				LD_RUNPATH_SEARCH_PATHS = (
					"$(inherited)",
					"@executable_path/Frameworks",
				);
				PRODUCT_BUNDLE_IDENTIFIER = amirzigangaraev.TestSample;
				PRODUCT_NAME = "$(TARGET_NAME)";
				SWIFT_VERSION = 5.0;
				TARGETED_DEVICE_FAMILY = "1,2";
			};
			name = Release;
		};
		AEAC615F26385EAA0015DB40 /* Debug */ = {
			isa = XCBuildConfiguration;
			buildSettings = {
				ALWAYS_EMBED_SWIFT_STANDARD_LIBRARIES = YES;
				BUNDLE_LOADER = "$(TEST_HOST)";
				CODE_SIGN_STYLE = Automatic;
				DEVELOPMENT_TEAM = J62PVJ69GK;
				INFOPLIST_FILE = TestSampleTests/Info.plist;
				IPHONEOS_DEPLOYMENT_TARGET = 14.4;
				LD_RUNPATH_SEARCH_PATHS = (
					"$(inherited)",
					"@executable_path/Frameworks",
					"@loader_path/Frameworks",
				);
				PRODUCT_BUNDLE_IDENTIFIER = amirzigangaraev.TestSampleTests;
				PRODUCT_NAME = "$(TARGET_NAME)";
				SWIFT_VERSION = 5.0;
				TARGETED_DEVICE_FAMILY = "1,2";
				TEST_HOST = "$(BUILT_PRODUCTS_DIR)/TestSample.app/TestSample";
			};
			name = Debug;
		};
		AEAC616026385EAA0015DB40 /* Release */ = {
			isa = XCBuildConfiguration;
			buildSettings = {
				ALWAYS_EMBED_SWIFT_STANDARD_LIBRARIES = YES;
				BUNDLE_LOADER = "$(TEST_HOST)";
				CODE_SIGN_STYLE = Automatic;
				DEVELOPMENT_TEAM = J62PVJ69GK;
				INFOPLIST_FILE = TestSampleTests/Info.plist;
				IPHONEOS_DEPLOYMENT_TARGET = 14.4;
				LD_RUNPATH_SEARCH_PATHS = (
					"$(inherited)",
					"@executable_path/Frameworks",
					"@loader_path/Frameworks",
				);
				PRODUCT_BUNDLE_IDENTIFIER = amirzigangaraev.TestSampleTests;
				PRODUCT_NAME = "$(TARGET_NAME)";
				SWIFT_VERSION = 5.0;
				TARGETED_DEVICE_FAMILY = "1,2";
				TEST_HOST = "$(BUILT_PRODUCTS_DIR)/TestSample.app/TestSample";
			};
			name = Release;
		};
		AEAC616226385EAA0015DB40 /* Debug */ = {
			isa = XCBuildConfiguration;
			buildSettings = {
				ALWAYS_EMBED_SWIFT_STANDARD_LIBRARIES = YES;
				CODE_SIGN_STYLE = Automatic;
				DEVELOPMENT_TEAM = J62PVJ69GK;
				INFOPLIST_FILE = TestSampleUITests/Info.plist;
				LD_RUNPATH_SEARCH_PATHS = (
					"$(inherited)",
					"@executable_path/Frameworks",
					"@loader_path/Frameworks",
				);
				PRODUCT_BUNDLE_IDENTIFIER = amirzigangaraev.TestSampleUITests;
				PRODUCT_NAME = "$(TARGET_NAME)";
				SWIFT_VERSION = 5.0;
				TARGETED_DEVICE_FAMILY = "1,2";
				TEST_TARGET_NAME = TestSample;
			};
			name = Debug;
		};
		AEAC616326385EAA0015DB40 /* Release */ = {
			isa = XCBuildConfiguration;
			buildSettings = {
				ALWAYS_EMBED_SWIFT_STANDARD_LIBRARIES = YES;
				CODE_SIGN_STYLE = Automatic;
				DEVELOPMENT_TEAM = J62PVJ69GK;
				INFOPLIST_FILE = TestSampleUITests/Info.plist;
				LD_RUNPATH_SEARCH_PATHS = (
					"$(inherited)",
					"@executable_path/Frameworks",
					"@loader_path/Frameworks",
				);
				PRODUCT_BUNDLE_IDENTIFIER = amirzigangaraev.TestSampleUITests;
				PRODUCT_NAME = "$(TARGET_NAME)";
				SWIFT_VERSION = 5.0;
				TARGETED_DEVICE_FAMILY = "1,2";
				TEST_TARGET_NAME = TestSample;
			};
			name = Release;
		};
/* End XCBuildConfiguration section */

/* Begin XCConfigurationList section */
		AEAC612C26385EA90015DB40 /* Build configuration list for PBXProject "TestSample" */ = {
			isa = XCConfigurationList;
			buildConfigurations = (
				AEAC615926385EAA0015DB40 /* Debug */,
				AEAC615A26385EAA0015DB40 /* Release */,
			);
			defaultConfigurationIsVisible = 0;
			defaultConfigurationName = Release;
		};
		AEAC615B26385EAA0015DB40 /* Build configuration list for PBXNativeTarget "TestSample" */ = {
			isa = XCConfigurationList;
			buildConfigurations = (
				AEAC615C26385EAA0015DB40 /* Debug */,
				AEAC615D26385EAA0015DB40 /* Release */,
			);
			defaultConfigurationIsVisible = 0;
			defaultConfigurationName = Release;
		};
		AEAC615E26385EAA0015DB40 /* Build configuration list for PBXNativeTarget "TestSampleTests" */ = {
			isa = XCConfigurationList;
			buildConfigurations = (
				AEAC615F26385EAA0015DB40 /* Debug */,
				AEAC616026385EAA0015DB40 /* Release */,
			);
			defaultConfigurationIsVisible = 0;
			defaultConfigurationName = Release;
		};
		AEAC616126385EAA0015DB40 /* Build configuration list for PBXNativeTarget "TestSampleUITests" */ = {
			isa = XCConfigurationList;
			buildConfigurations = (
				AEAC616226385EAA0015DB40 /* Debug */,
				AEAC616326385EAA0015DB40 /* Release */,
			);
			defaultConfigurationIsVisible = 0;
			defaultConfigurationName = Release;
		};
/* End XCConfigurationList section */
	};
	rootObject = AEAC612926385EA90015DB40 /* Project object */;
}
